
Microsoft Visual Studio Solution File, Format Version 12.00
# Visual Studio Version 16
VisualStudioVersion = 16.0.29806.167
MinimumVisualStudioVersion = 10.0.40219.1
Project("{8BC9CEB8-8B4A-11D0-8D11-00A0C91BC942}") = "7", "7\7.vcxproj", "{B080A4A5-1C6F-4046-92E8-D0D18112F33D}"
EndProject
Global
	GlobalSection(SolutionConfigurationPlatforms) = preSolution
		Debug|x64 = Debug|x64
		Debug|x86 = Debug|x86
		Release|x64 = Release|x64
		Release|x86 = Release|x86
	EndGlobalSection
	GlobalSection(ProjectConfigurationPlatforms) = postSolution
		{B080A4A5-1C6F-4046-92E8-D0D18112F33D}.Debug|x64.ActiveCfg = Debug|x64
		{B080A4A5-1C6F-4046-92E8-D0D18112F33D}.Debug|x64.Build.0 = Debug|x64
		{B080A4A5-1C6F-4046-92E8-D0D18112F33D}.Debug|x86.ActiveCfg = Debug|Win32
		{B080A4A5-1C6F-4046-92E8-D0D18112F33D}.Debug|x86.Build.0 = Debug|Win32
		{B080A4A5-1C6F-4046-92E8-D0D18112F33D}.Release|x64.ActiveCfg = Release|x64
		{B080A4A5-1C6F-4046-92E8-D0D18112F33D}.Release|x64.Build.0 = Release|x64
		{B080A4A5-1C6F-4046-92E8-D0D18112F33D}.Release|x86.ActiveCfg = Release|Win32
		{B080A4A5-1C6F-4046-92E8-D0D18112F33D}.Release|x86.Build.0 = Release|Win32
	EndGlobalSection
	GlobalSection(SolutionProperties) = preSolution
		HideSolutionNode = FALSE
	EndGlobalSection
	GlobalSection(ExtensibilityGlobals) = postSolution
		SolutionGuid = {78AD0FB9-0FB8-48A6-B382-FF6B041FC2F9}
	EndGlobalSection
EndGlobal
